
Microsoft Visual Studio Solution File, Format Version 12.00
# Visual Studio 15
Project("{FAE04EC0-301F-11D3-BF4B-00C04F79EFBC}") = "Assembly-CSharp-Editor", "Assembly-CSharp-Editor.csproj", "{97CFEE10-43C4-B4DB-2B92-F30200752BF5}"
EndProject
Project("{FAE04EC0-301F-11D3-BF4B-00C04F79EFBC}") = "Unity.RenderPipelines.HighDefinitionConfig.Editor.Tests", "Unity.RenderPipelines.HighDefinitionConfig.Editor.Tests.csproj", "{EF1B1719-C555-807C-1AFA-A7E13F08DFD8}"
EndProject
Project("{FAE04EC0-301F-11D3-BF4B-00C04F79EFBC}") = "Assembly-CSharp", "Assembly-CSharp.csproj", "{A486BAB0-0325-8968-E236-5D83870D0617}"
EndProject
Project("{FAE04EC0-301F-11D3-BF4B-00C04F79EFBC}") = "Unity.RenderPipelines.HighDefinition.Config.Runtime", "Unity.RenderPipelines.HighDefinition.Config.Runtime.csproj", "{ACA88F9E-3668-7825-160B-467F5D17EA0C}"
EndProject
Global
	GlobalSection(SolutionConfigurationPlatforms) = preSolution
		Debug|Any CPU = Debug|Any CPU
		Release|Any CPU = Release|Any CPU
	EndGlobalSection
	GlobalSection(ProjectConfigurationPlatforms) = postSolution
		{97CFEE10-43C4-B4DB-2B92-F30200752BF5}.Debug|Any CPU.ActiveCfg = Debug|Any CPU
		{97CFEE10-43C4-B4DB-2B92-F30200752BF5}.Debug|Any CPU.Build.0 = Debug|Any CPU
		{97CFEE10-43C4-B4DB-2B92-F30200752BF5}.Release|Any CPU.ActiveCfg = Release|Any CPU
		{97CFEE10-43C4-B4DB-2B92-F30200752BF5}.Release|Any CPU.Build.0 = Release|Any CPU
		{EF1B1719-C555-807C-1AFA-A7E13F08DFD8}.Debug|Any CPU.ActiveCfg = Debug|Any CPU
		{EF1B1719-C555-807C-1AFA-A7E13F08DFD8}.Debug|Any CPU.Build.0 = Debug|Any CPU
		{EF1B1719-C555-807C-1AFA-A7E13F08DFD8}.Release|Any CPU.ActiveCfg = Release|Any CPU
		{EF1B1719-C555-807C-1AFA-A7E13F08DFD8}.Release|Any CPU.Build.0 = Release|Any CPU
		{A486BAB0-0325-8968-E236-5D83870D0617}.Debug|Any CPU.ActiveCfg = Debug|Any CPU
		{A486BAB0-0325-8968-E236-5D83870D0617}.Debug|Any CPU.Build.0 = Debug|Any CPU
		{A486BAB0-0325-8968-E236-5D83870D0617}.Release|Any CPU.ActiveCfg = Release|Any CPU
		{A486BAB0-0325-8968-E236-5D83870D0617}.Release|Any CPU.Build.0 = Release|Any CPU
		{ACA88F9E-3668-7825-160B-467F5D17EA0C}.Debug|Any CPU.ActiveCfg = Debug|Any CPU
		{ACA88F9E-3668-7825-160B-467F5D17EA0C}.Debug|Any CPU.Build.0 = Debug|Any CPU
		{ACA88F9E-3668-7825-160B-467F5D17EA0C}.Release|Any CPU.ActiveCfg = Release|Any CPU
		{ACA88F9E-3668-7825-160B-467F5D17EA0C}.Release|Any CPU.Build.0 = Release|Any CPU
	EndGlobalSection
	GlobalSection(SolutionProperties) = preSolution
		HideSolutionNode = FALSE
	EndGlobalSection
EndGlobal
